# This file was autogenerated by Stack.
# You should not edit this file by hand.
# For more information, please see the documentation at:
#   https://docs.haskellstack.org/en/stable/lock_files

packages:
- completed:
    hackage: gi-notify-0.7.27@sha256:7dc570878cb969971f2cf3fbb48cd7df83970ed661bcb549574fe9a2cd0f7e16,3073
    pantry-tree:
      sha256: 2eda0cf983d6e0e6d121233817dc5069457e1ba37c354ce97368eac9c176fac5
      size: 360
  original:
    hackage: gi-notify-0.7.27
- completed:
    hackage: file-embed-0.0.16.0@sha256:2e8983240c1faae020b4acef6d30f0281f5ec87c2f38736dc1dc5456355e22a5,1426
    pantry-tree:
      sha256: db5accce9e81e002bf05f839b5f410728b3761dce6e9ccc6cc6648fa0b8cdaff
      size: 478
  original:
    hackage: file-embed-0.0.16.0
snapshots:
- completed:
    sha256: 2fc12a405ab6f7eac73eb11a0ca5ccca0e956bd2848db780c140b7406ff9ebb5
    size: 640035
    url: https://raw.githubusercontent.com/commercialhaskell/stackage-snapshots/master/lts/21/9.yaml
  original:
    url: https://raw.githubusercontent.com/commercialhaskell/stackage-snapshots/master/lts/21/9.yaml
